
Microsoft Visual Studio Solution File, Format Version 12.00
# Visual Studio Version 17
VisualStudioVersion = 17.13.35818.85 d17.13
MinimumVisualStudioVersion = 10.0.40219.1
Project("{FAE04EC0-301F-11D3-BF4B-00C04F79EFBC}") = "Study4", "Study4\Study4.csproj", "{D5EC8D25-900D-4021-B301-C513C929519A}"
EndProject
Global
	GlobalSection(SolutionConfigurationPlatforms) = preSolution
		Debug|Any CPU = Debug|Any CPU
		Release|Any CPU = Release|Any CPU
	EndGlobalSection
	GlobalSection(ProjectConfigurationPlatforms) = postSolution
		{D5EC8D25-900D-4021-B301-C513C929519A}.Debug|Any CPU.ActiveCfg = Debug|Any CPU
		{D5EC8D25-900D-4021-B301-C513C929519A}.Debug|Any CPU.Build.0 = Debug|Any CPU
		{D5EC8D25-900D-4021-B301-C513C929519A}.Release|Any CPU.ActiveCfg = Release|Any CPU
		{D5EC8D25-900D-4021-B301-C513C929519A}.Release|Any CPU.Build.0 = Release|Any CPU
	EndGlobalSection
	GlobalSection(SolutionProperties) = preSolution
		HideSolutionNode = FALSE
	EndGlobalSection
	GlobalSection(ExtensibilityGlobals) = postSolution
		SolutionGuid = {B4ED0AD0-A7AE-4753-A28D-16AC273E7F05}
	EndGlobalSection
EndGlobal
