
Microsoft Visual Studio Solution File, Format Version 12.00
# Visual Studio Version 17
VisualStudioVersion = 17.13.35818.85 d17.13
MinimumVisualStudioVersion = 10.0.40219.1
Project("{FAE04EC0-301F-11D3-BF4B-00C04F79EFBC}") = "TodayTask1", "TodayTask1\TodayTask1.csproj", "{F08945B2-D50C-41C9-B4D3-E05E455716D2}"
EndProject
Global
	GlobalSection(SolutionConfigurationPlatforms) = preSolution
		Debug|Any CPU = Debug|Any CPU
		Release|Any CPU = Release|Any CPU
	EndGlobalSection
	GlobalSection(ProjectConfigurationPlatforms) = postSolution
		{F08945B2-D50C-41C9-B4D3-E05E455716D2}.Debug|Any CPU.ActiveCfg = Debug|Any CPU
		{F08945B2-D50C-41C9-B4D3-E05E455716D2}.Debug|Any CPU.Build.0 = Debug|Any CPU
		{F08945B2-D50C-41C9-B4D3-E05E455716D2}.Release|Any CPU.ActiveCfg = Release|Any CPU
		{F08945B2-D50C-41C9-B4D3-E05E455716D2}.Release|Any CPU.Build.0 = Release|Any CPU
	EndGlobalSection
	GlobalSection(SolutionProperties) = preSolution
		HideSolutionNode = FALSE
	EndGlobalSection
	GlobalSection(ExtensibilityGlobals) = postSolution
		SolutionGuid = {BFD91B4D-75A1-468E-B9A2-405AE4B93669}
	EndGlobalSection
EndGlobal
